
Microsoft Visual Studio Solution File, Format Version 12.00
# Visual Studio Version 17
VisualStudioVersion = 17.5.002.0
MinimumVisualStudioVersion = 10.0.40219.1
Project("{9A19103F-16F7-4668-BE54-9A1E7A4F7556}") = "dotnet-sc-test", "dotnet-sc-test.csproj", "{4028ED27-D9EF-47F3-A250-BEF276DD13A4}"
EndProject
Global
	GlobalSection(SolutionConfigurationPlatforms) = preSolution
		Debug|Any CPU = Debug|Any CPU
		Release|Any CPU = Release|Any CPU
	EndGlobalSection
	GlobalSection(ProjectConfigurationPlatforms) = postSolution
		{4028ED27-D9EF-47F3-A250-BEF276DD13A4}.Debug|Any CPU.ActiveCfg = Debug|Any CPU
		{4028ED27-D9EF-47F3-A250-BEF276DD13A4}.Debug|Any CPU.Build.0 = Debug|Any CPU
		{4028ED27-D9EF-47F3-A250-BEF276DD13A4}.Release|Any CPU.ActiveCfg = Release|Any CPU
		{4028ED27-D9EF-47F3-A250-BEF276DD13A4}.Release|Any CPU.Build.0 = Release|Any CPU
	EndGlobalSection
	GlobalSection(SolutionProperties) = preSolution
		HideSolutionNode = FALSE
	EndGlobalSection
	GlobalSection(ExtensibilityGlobals) = postSolution
		SolutionGuid = {0BE30C1C-FE1B-42E3-BD54-5C2A6999496C}
	EndGlobalSection
EndGlobal
